
Microsoft Visual Studio Solution File, Format Version 12.00
# Visual Studio Version 17
VisualStudioVersion = 17.0.32112.339
MinimumVisualStudioVersion = 10.0.40219.1
Project("{2150E333-8FDC-42A3-9474-1A3956D46DE8}") = "Solution Items", "Solution Items", "{7389A018-9F02-48F9-9FB1-B543B286427C}"
	ProjectSection(SolutionItems) = preProject
		.gitattributes = .gitattributes
		.gitignore = .gitignore
	EndProjectSection
EndProject
Project("{9A19103F-16F7-4668-BE54-9A1E7A4F7556}") = "Scalpio", "Scalpio\Scalpio.csproj", "{9A86ADA2-11B3-48B3-BB2E-80D496E41881}"
EndProject
Project("{9A19103F-16F7-4668-BE54-9A1E7A4F7556}") = "Scalpio.Core", "Scalpio.Core\Scalpio.Core.csproj", "{947E3DAD-5265-4F03-9D99-B3746B8134EF}"
EndProject
Project("{9A19103F-16F7-4668-BE54-9A1E7A4F7556}") = "Scalpio.Render", "Scalpio.Render\Scalpio.Render.csproj", "{C69A9804-1DE3-40A9-A011-FAC5F30DCAAE}"
EndProject
Project("{9A19103F-16F7-4668-BE54-9A1E7A4F7556}") = "Scalpio.Controls", "Scalpio.Controls\Scalpio.Controls.csproj", "{0C9414A2-8F1B-4584-BD95-83BA755837A8}"
EndProject
Project("{8BC9CEB8-8B4A-11D0-8D11-00A0C91BC942}") = "Scalpio.NativeRender", "Scalpio.NativeRender\Scalpio.NativeRender.vcxproj", "{C5EE5811-0577-47C0-A635-3BADBEC86D14}"
EndProject
Global
	GlobalSection(SolutionConfigurationPlatforms) = preSolution
		Debug|Any CPU = Debug|Any CPU
		Debug|ARM64 = Debug|ARM64
		Debug|x64 = Debug|x64
		Debug|x86 = Debug|x86
		Release|Any CPU = Release|Any CPU
		Release|ARM64 = Release|ARM64
		Release|x64 = Release|x64
		Release|x86 = Release|x86
	EndGlobalSection
	GlobalSection(ProjectConfigurationPlatforms) = postSolution
		{9A86ADA2-11B3-48B3-BB2E-80D496E41881}.Debug|Any CPU.ActiveCfg = Debug|Any CPU
		{9A86ADA2-11B3-48B3-BB2E-80D496E41881}.Debug|Any CPU.Build.0 = Debug|Any CPU
		{9A86ADA2-11B3-48B3-BB2E-80D496E41881}.Debug|ARM64.ActiveCfg = Debug|Any CPU
		{9A86ADA2-11B3-48B3-BB2E-80D496E41881}.Debug|ARM64.Build.0 = Debug|Any CPU
		{9A86ADA2-11B3-48B3-BB2E-80D496E41881}.Debug|x64.ActiveCfg = Debug|x64
		{9A86ADA2-11B3-48B3-BB2E-80D496E41881}.Debug|x64.Build.0 = Debug|x64
		{9A86ADA2-11B3-48B3-BB2E-80D496E41881}.Debug|x86.ActiveCfg = Debug|Any CPU
		{9A86ADA2-11B3-48B3-BB2E-80D496E41881}.Debug|x86.Build.0 = Debug|Any CPU
		{9A86ADA2-11B3-48B3-BB2E-80D496E41881}.Release|Any CPU.ActiveCfg = Release|Any CPU
		{9A86ADA2-11B3-48B3-BB2E-80D496E41881}.Release|Any CPU.Build.0 = Release|Any CPU
		{9A86ADA2-11B3-48B3-BB2E-80D496E41881}.Release|ARM64.ActiveCfg = Release|Any CPU
		{9A86ADA2-11B3-48B3-BB2E-80D496E41881}.Release|ARM64.Build.0 = Release|Any CPU
		{9A86ADA2-11B3-48B3-BB2E-80D496E41881}.Release|x64.ActiveCfg = Release|x64
		{9A86ADA2-11B3-48B3-BB2E-80D496E41881}.Release|x64.Build.0 = Release|x64
		{9A86ADA2-11B3-48B3-BB2E-80D496E41881}.Release|x86.ActiveCfg = Release|Any CPU
		{9A86ADA2-11B3-48B3-BB2E-80D496E41881}.Release|x86.Build.0 = Release|Any CPU
		{947E3DAD-5265-4F03-9D99-B3746B8134EF}.Debug|Any CPU.ActiveCfg = Debug|Any CPU
		{947E3DAD-5265-4F03-9D99-B3746B8134EF}.Debug|Any CPU.Build.0 = Debug|Any CPU
		{947E3DAD-5265-4F03-9D99-B3746B8134EF}.Debug|ARM64.ActiveCfg = Debug|Any CPU
		{947E3DAD-5265-4F03-9D99-B3746B8134EF}.Debug|ARM64.Build.0 = Debug|Any CPU
		{947E3DAD-5265-4F03-9D99-B3746B8134EF}.Debug|x64.ActiveCfg = Debug|x64
		{947E3DAD-5265-4F03-9D99-B3746B8134EF}.Debug|x64.Build.0 = Debug|x64
		{947E3DAD-5265-4F03-9D99-B3746B8134EF}.Debug|x86.ActiveCfg = Debug|Any CPU
		{947E3DAD-5265-4F03-9D99-B3746B8134EF}.Debug|x86.Build.0 = Debug|Any CPU
		{947E3DAD-5265-4F03-9D99-B3746B8134EF}.Release|Any CPU.ActiveCfg = Release|Any CPU
		{947E3DAD-5265-4F03-9D99-B3746B8134EF}.Release|Any CPU.Build.0 = Release|Any CPU
		{947E3DAD-5265-4F03-9D99-B3746B8134EF}.Release|ARM64.ActiveCfg = Release|Any CPU
		{947E3DAD-5265-4F03-9D99-B3746B8134EF}.Release|ARM64.Build.0 = Release|Any CPU
		{947E3DAD-5265-4F03-9D99-B3746B8134EF}.Release|x64.ActiveCfg = Release|x64
		{947E3DAD-5265-4F03-9D99-B3746B8134EF}.Release|x64.Build.0 = Release|x64
		{947E3DAD-5265-4F03-9D99-B3746B8134EF}.Release|x86.ActiveCfg = Release|Any CPU
		{947E3DAD-5265-4F03-9D99-B3746B8134EF}.Release|x86.Build.0 = Release|Any CPU
		{C69A9804-1DE3-40A9-A011-FAC5F30DCAAE}.Debug|Any CPU.ActiveCfg = Debug|Any CPU
		{C69A9804-1DE3-40A9-A011-FAC5F30DCAAE}.Debug|Any CPU.Build.0 = Debug|Any CPU
		{C69A9804-1DE3-40A9-A011-FAC5F30DCAAE}.Debug|ARM64.ActiveCfg = Debug|Any CPU
		{C69A9804-1DE3-40A9-A011-FAC5F30DCAAE}.Debug|ARM64.Build.0 = Debug|Any CPU
		{C69A9804-1DE3-40A9-A011-FAC5F30DCAAE}.Debug|x64.ActiveCfg = Debug|Any CPU
		{C69A9804-1DE3-40A9-A011-FAC5F30DCAAE}.Debug|x64.Build.0 = Debug|Any CPU
		{C69A9804-1DE3-40A9-A011-FAC5F30DCAAE}.Debug|x86.ActiveCfg = Debug|Any CPU
		{C69A9804-1DE3-40A9-A011-FAC5F30DCAAE}.Debug|x86.Build.0 = Debug|Any CPU
		{C69A9804-1DE3-40A9-A011-FAC5F30DCAAE}.Release|Any CPU.ActiveCfg = Release|Any CPU
		{C69A9804-1DE3-40A9-A011-FAC5F30DCAAE}.Release|Any CPU.Build.0 = Release|Any CPU
		{C69A9804-1DE3-40A9-A011-FAC5F30DCAAE}.Release|ARM64.ActiveCfg = Release|Any CPU
		{C69A9804-1DE3-40A9-A011-FAC5F30DCAAE}.Release|ARM64.Build.0 = Release|Any CPU
		{C69A9804-1DE3-40A9-A011-FAC5F30DCAAE}.Release|x64.ActiveCfg = Release|Any CPU
		{C69A9804-1DE3-40A9-A011-FAC5F30DCAAE}.Release|x64.Build.0 = Release|Any CPU
		{C69A9804-1DE3-40A9-A011-FAC5F30DCAAE}.Release|x86.ActiveCfg = Release|Any CPU
		{C69A9804-1DE3-40A9-A011-FAC5F30DCAAE}.Release|x86.Build.0 = Release|Any CPU
		{0C9414A2-8F1B-4584-BD95-83BA755837A8}.Debug|Any CPU.ActiveCfg = Debug|Any CPU
		{0C9414A2-8F1B-4584-BD95-83BA755837A8}.Debug|Any CPU.Build.0 = Debug|Any CPU
		{0C9414A2-8F1B-4584-BD95-83BA755837A8}.Debug|ARM64.ActiveCfg = Debug|Any CPU
		{0C9414A2-8F1B-4584-BD95-83BA755837A8}.Debug|ARM64.Build.0 = Debug|Any CPU
		{0C9414A2-8F1B-4584-BD95-83BA755837A8}.Debug|x64.ActiveCfg = Debug|x64
		{0C9414A2-8F1B-4584-BD95-83BA755837A8}.Debug|x64.Build.0 = Debug|x64
		{0C9414A2-8F1B-4584-BD95-83BA755837A8}.Debug|x86.ActiveCfg = Debug|Any CPU
		{0C9414A2-8F1B-4584-BD95-83BA755837A8}.Debug|x86.Build.0 = Debug|Any CPU
		{0C9414A2-8F1B-4584-BD95-83BA755837A8}.Release|Any CPU.ActiveCfg = Release|Any CPU
		{0C9414A2-8F1B-4584-BD95-83BA755837A8}.Release|Any CPU.Build.0 = Release|Any CPU
		{0C9414A2-8F1B-4584-BD95-83BA755837A8}.Release|ARM64.ActiveCfg = Release|Any CPU
		{0C9414A2-8F1B-4584-BD95-83BA755837A8}.Release|ARM64.Build.0 = Release|Any CPU
		{0C9414A2-8F1B-4584-BD95-83BA755837A8}.Release|x64.ActiveCfg = Release|x64
		{0C9414A2-8F1B-4584-BD95-83BA755837A8}.Release|x64.Build.0 = Release|x64
		{0C9414A2-8F1B-4584-BD95-83BA755837A8}.Release|x86.ActiveCfg = Release|Any CPU
		{0C9414A2-8F1B-4584-BD95-83BA755837A8}.Release|x86.Build.0 = Release|Any CPU
		{C5EE5811-0577-47C0-A635-3BADBEC86D14}.Debug|Any CPU.ActiveCfg = Debug|x64
		{C5EE5811-0577-47C0-A635-3BADBEC86D14}.Debug|Any CPU.Build.0 = Debug|x64
		{C5EE5811-0577-47C0-A635-3BADBEC86D14}.Debug|ARM64.ActiveCfg = Debug|ARM64
		{C5EE5811-0577-47C0-A635-3BADBEC86D14}.Debug|ARM64.Build.0 = Debug|ARM64
		{C5EE5811-0577-47C0-A635-3BADBEC86D14}.Debug|x64.ActiveCfg = Debug|x64
		{C5EE5811-0577-47C0-A635-3BADBEC86D14}.Debug|x64.Build.0 = Debug|x64
		{C5EE5811-0577-47C0-A635-3BADBEC86D14}.Debug|x86.ActiveCfg = Debug|Win32
		{C5EE5811-0577-47C0-A635-3BADBEC86D14}.Debug|x86.Build.0 = Debug|Win32
		{C5EE5811-0577-47C0-A635-3BADBEC86D14}.Release|Any CPU.ActiveCfg = Release|x64
		{C5EE5811-0577-47C0-A635-3BADBEC86D14}.Release|Any CPU.Build.0 = Release|x64
		{C5EE5811-0577-47C0-A635-3BADBEC86D14}.Release|ARM64.ActiveCfg = Release|ARM64
		{C5EE5811-0577-47C0-A635-3BADBEC86D14}.Release|ARM64.Build.0 = Release|ARM64
		{C5EE5811-0577-47C0-A635-3BADBEC86D14}.Release|x64.ActiveCfg = Release|x64
		{C5EE5811-0577-47C0-A635-3BADBEC86D14}.Release|x64.Build.0 = Release|x64
		{C5EE5811-0577-47C0-A635-3BADBEC86D14}.Release|x86.ActiveCfg = Release|Win32
		{C5EE5811-0577-47C0-A635-3BADBEC86D14}.Release|x86.Build.0 = Release|Win32
	EndGlobalSection
	GlobalSection(SolutionProperties) = preSolution
		HideSolutionNode = FALSE
	EndGlobalSection
	GlobalSection(ExtensibilityGlobals) = postSolution
		SolutionGuid = {61705986-35A1-4BE4-A851-5631EFBE9821}
	EndGlobalSection
EndGlobal
